
Microsoft Visual Studio Solution File, Format Version 12.00
# Visual Studio Version 16
VisualStudioVersion = 16.0.28516.95
MinimumVisualStudioVersion = 10.0.40219.1
Project("{FAE04EC0-301F-11D3-BF4B-00C04F79EFBC}") = "CalManV1", "CalManV1\CalManV1.csproj", "{934B260A-097F-4010-8025-811A288ADB5D}"
EndProject
Global
	GlobalSection(SolutionConfigurationPlatforms) = preSolution
		Debug|Any CPU = Debug|Any CPU
		Release|Any CPU = Release|Any CPU
	EndGlobalSection
	GlobalSection(ProjectConfigurationPlatforms) = postSolution
		{934B260A-097F-4010-8025-811A288ADB5D}.Debug|Any CPU.ActiveCfg = Debug|Any CPU
		{934B260A-097F-4010-8025-811A288ADB5D}.Debug|Any CPU.Build.0 = Debug|Any CPU
		{934B260A-097F-4010-8025-811A288ADB5D}.Release|Any CPU.ActiveCfg = Release|Any CPU
		{934B260A-097F-4010-8025-811A288ADB5D}.Release|Any CPU.Build.0 = Release|Any CPU
	EndGlobalSection
	GlobalSection(SolutionProperties) = preSolution
		HideSolutionNode = FALSE
	EndGlobalSection
	GlobalSection(ExtensibilityGlobals) = postSolution
		SolutionGuid = {2DECDCFB-391A-47F4-82E7-922D50AFDA47}
	EndGlobalSection
EndGlobal
